# This file is automatically @generated by Poetry 1.7.1 and should not be changed by hand.

[[package]]
name = "py-term"
version = "0.7"
description = "Python module to style terminal output, moving and positioning the cursor."
optional = false
python-versions = "*"
files = [
    {file = "py-term-0.7.tar.gz", hash = "sha256:abaa4d1ac127ccc6dd50d1937a7b030f5a27ea3bd93af36bec23aeefd05d50c9"},
    {file = "py_term-0.7-py3-none-any.whl", hash = "sha256:6e39c09992f6c4def9784117756718ae37cbbfacc4dcc1ce82d3153ea6e9d841"},
]

[metadata]
lock-version = "2.0"
python-versions = "^3.11"
content-hash = "4df697c362619303d992e175c47bf125ae98b8cc828a8d4be5f1eb10930c912e"
